symfony f18e3fc333d78c8f2adcaccb6e4950337bb124cc
twig 661e9c7ad2820e881c93474f2fbcbe2661fd1970
monolog 20066e28117769ee38fbe974042e975172007a23
doctrine-common c614a20e02cb8fd5531bce1adcb34a1210f79ac6
doctrine-dbal f62b4a5d286dedf228db156d65efe862fa4302b4
doctrine 180dbbad8b3c8724da99a12ffc53a28df0a50b36
swiftmailer c53c8c1ab88c78c463ba65086d93d00193957e94
assetic 3333d371c4511abcdec7bad86e15ac2be3b10f03
twig-extensions 6b0cc16934b6e62ef07c8d2e59f9f13ff3193d3d
metadata 72f11b8ed7725f76a6bcb41d94dc25190b5283f8
behat 8ec50d3caff925c1b6503de62f08ec1d4279f4f0
gherkin ebf711c78542c83a98c65d1ab0ce8002afd616e5
mink 0760e650ac2dcf38670258203ab23eac1e2ac0e7
SensioFrameworkExtraBundle bced40d4d123f5171f888d6e56bb638b8c2a5e57
JMSSecurityExtraBundle 936892c9735f76037393639f1410773715bf403c
SensioDistributionBundle 03cc2ae87becc98c368438a3d14f2b4954be06f7
SensioGeneratorBundle 1b59f604c56480b3ac06b0e79742244e958089c0
AsseticBundle 9c1b7269a4517d1ae94af2dc0d6d6fc4b31e6c10
BehatBundle 6e55db942fc9cc1e64a60c8d05c4cf5c124cf29c
MinkBundle 73a721abb1fa8ca0ffb0308364d9320852ffbdca